
Microsoft Visual Studio Solution File, Format Version 12.00
# Visual Studio Version 17
VisualStudioVersion = 17.6.33815.320
MinimumVisualStudioVersion = 10.0.40219.1
Project("{FAE04EC0-301F-11D3-BF4B-00C04F79EFBC}") = "MultiLevelInheritance", "MultiLevelInheritance\MultiLevelInheritance.csproj", "{3BD68E63-249D-4FEE-87BF-BE0C25AC6A66}"
EndProject
Global
	GlobalSection(SolutionConfigurationPlatforms) = preSolution
		Debug|Any CPU = Debug|Any CPU
		Release|Any CPU = Release|Any CPU
	EndGlobalSection
	GlobalSection(ProjectConfigurationPlatforms) = postSolution
		{3BD68E63-249D-4FEE-87BF-BE0C25AC6A66}.Debug|Any CPU.ActiveCfg = Debug|Any CPU
		{3BD68E63-249D-4FEE-87BF-BE0C25AC6A66}.Debug|Any CPU.Build.0 = Debug|Any CPU
		{3BD68E63-249D-4FEE-87BF-BE0C25AC6A66}.Release|Any CPU.ActiveCfg = Release|Any CPU
		{3BD68E63-249D-4FEE-87BF-BE0C25AC6A66}.Release|Any CPU.Build.0 = Release|Any CPU
	EndGlobalSection
	GlobalSection(SolutionProperties) = preSolution
		HideSolutionNode = FALSE
	EndGlobalSection
	GlobalSection(ExtensibilityGlobals) = postSolution
		SolutionGuid = {05244CEA-3B5E-4CEE-BD5C-D731CC13FED5}
	EndGlobalSection
EndGlobal
